
Microsoft Visual Studio Solution File, Format Version 12.00
# Visual Studio Version 16
VisualStudioVersion = 16.0.31112.23
MinimumVisualStudioVersion = 10.0.40219.1
Project("{FAE04EC0-301F-11D3-BF4B-00C04F79EFBC}") = "Entidades", "Entidades\Entidades.csproj", "{A664891F-3F50-44C1-ADF0-B5A06D371B3E}"
EndProject
Project("{FAE04EC0-301F-11D3-BF4B-00C04F79EFBC}") = "MiCalculadora", "MiCalculadora\MiCalculadora.csproj", "{C35149AD-DED2-4DB5-8FB8-23F9732CA4EE}"
EndProject
Global
	GlobalSection(SolutionConfigurationPlatforms) = preSolution
		Debug|Any CPU = Debug|Any CPU
		Release|Any CPU = Release|Any CPU
	EndGlobalSection
	GlobalSection(ProjectConfigurationPlatforms) = postSolution
		{A664891F-3F50-44C1-ADF0-B5A06D371B3E}.Debug|Any CPU.ActiveCfg = Debug|Any CPU
		{A664891F-3F50-44C1-ADF0-B5A06D371B3E}.Debug|Any CPU.Build.0 = Debug|Any CPU
		{A664891F-3F50-44C1-ADF0-B5A06D371B3E}.Release|Any CPU.ActiveCfg = Release|Any CPU
		{A664891F-3F50-44C1-ADF0-B5A06D371B3E}.Release|Any CPU.Build.0 = Release|Any CPU
		{C35149AD-DED2-4DB5-8FB8-23F9732CA4EE}.Debug|Any CPU.ActiveCfg = Debug|Any CPU
		{C35149AD-DED2-4DB5-8FB8-23F9732CA4EE}.Debug|Any CPU.Build.0 = Debug|Any CPU
		{C35149AD-DED2-4DB5-8FB8-23F9732CA4EE}.Release|Any CPU.ActiveCfg = Release|Any CPU
		{C35149AD-DED2-4DB5-8FB8-23F9732CA4EE}.Release|Any CPU.Build.0 = Release|Any CPU
	EndGlobalSection
	GlobalSection(SolutionProperties) = preSolution
		HideSolutionNode = FALSE
	EndGlobalSection
	GlobalSection(ExtensibilityGlobals) = postSolution
		SolutionGuid = {31D9A891-C229-497F-A61E-8BFE400FD836}
	EndGlobalSection
EndGlobal
